
Microsoft Visual Studio Solution File, Format Version 12.00
# Visual Studio Version 18
VisualStudioVersion = 18.3.11520.95
MinimumVisualStudioVersion = 10.0.40219.1
Project("{8BC9CEB8-8B4A-11D0-8D11-00A0C91BC942}") = "GpuCapture", "GpuCapture.vcxproj", "{3CAA9641-3FD2-4D99-A4F0-040B54A1AC31}"
EndProject
Global
	GlobalSection(SolutionConfigurationPlatforms) = preSolution
		Debug|x64 = Debug|x64
		Release|x64 = Release|x64
	EndGlobalSection
	GlobalSection(ProjectConfigurationPlatforms) = postSolution
		{3CAA9641-3FD2-4D99-A4F0-040B54A1AC31}.Debug|x64.ActiveCfg = Debug|x64
		{3CAA9641-3FD2-4D99-A4F0-040B54A1AC31}.Debug|x64.Build.0 = Debug|x64
		{3CAA9641-3FD2-4D99-A4F0-040B54A1AC31}.Release|x64.ActiveCfg = Release|x64
		{3CAA9641-3FD2-4D99-A4F0-040B54A1AC31}.Release|x64.Build.0 = Release|x64
	EndGlobalSection
	GlobalSection(SolutionProperties) = preSolution
		HideSolutionNode = FALSE
	EndGlobalSection
	GlobalSection(ExtensibilityGlobals) = postSolution
		SolutionGuid = {4690F308-BF54-44E7-B2E9-FC9800B79526}
	EndGlobalSection
EndGlobal
